
Microsoft Visual Studio Solution File, Format Version 12.00
# Visual Studio 2012
Project("{FAE04EC0-301F-11D3-BF4B-00C04F79EFBC}") = "UserControlPanelActivity", "UserControlPanelActivity\UserControlPanelActivity.csproj", "{7C826B3F-39E0-4CDB-95F2-1B198488F415}"
EndProject
Global
	GlobalSection(SolutionConfigurationPlatforms) = preSolution
		Debug|Any CPU = Debug|Any CPU
		Release|Any CPU = Release|Any CPU
	EndGlobalSection
	GlobalSection(ProjectConfigurationPlatforms) = postSolution
		{7C826B3F-39E0-4CDB-95F2-1B198488F415}.Debug|Any CPU.ActiveCfg = Debug|Any CPU
		{7C826B3F-39E0-4CDB-95F2-1B198488F415}.Debug|Any CPU.Build.0 = Debug|Any CPU
		{7C826B3F-39E0-4CDB-95F2-1B198488F415}.Release|Any CPU.ActiveCfg = Release|Any CPU
		{7C826B3F-39E0-4CDB-95F2-1B198488F415}.Release|Any CPU.Build.0 = Release|Any CPU
	EndGlobalSection
	GlobalSection(SolutionProperties) = preSolution
		HideSolutionNode = FALSE
	EndGlobalSection
EndGlobal
